// !$*UTF8*$!
{
	archiveVersion = 1;
	classes = {
	};
	objectVersion = 54;
	objects = {

/* Begin PBXBuildFile section */
		039EA737371D9B9AB7D7E35C /* Pods_DrawDemo.framework in Frameworks */ = {isa = PBXBuildFile; fileRef = 2762B7637883BC5037CD524F /* Pods_DrawDemo.framework */; };
		3B32D14B2429A134005D0258 /* AppDelegate.m in Sources */ = {isa = PBXBuildFile; fileRef = 3B32D14A2429A134005D0258 /* AppDelegate.m */; };
		3B32D14E2429A134005D0258 /* SceneDelegate.m in Sources */ = {isa = PBXBuildFile; fileRef = 3B32D14D2429A134005D0258 /* SceneDelegate.m */; };
		3B32D1512429A134005D0258 /* ViewController.m in Sources */ = {isa = PBXBuildFile; fileRef = 3B32D1502429A134005D0258 /* ViewController.m */; };
		3B32D1542429A134005D0258 /* Main.storyboard in Resources */ = {isa = PBXBuildFile; fileRef = 3B32D1522429A134005D0258 /* Main.storyboard */; };
		3B32D1562429A138005D0258 /* Assets.xcassets in Resources */ = {isa = PBXBuildFile; fileRef = 3B32D1552429A138005D0258 /* Assets.xcassets */; };
		3B32D1592429A138005D0258 /* LaunchScreen.storyboard in Resources */ = {isa = PBXBuildFile; fileRef = 3B32D1572429A138005D0258 /* LaunchScreen.storyboard */; };
		3B32D15C2429A138005D0258 /* main.m in Sources */ = {isa = PBXBuildFile; fileRef = 3B32D15B2429A138005D0258 /* main.m */; };
		3B32D1722429EFCE005D0258 /* 1.JPG in Resources */ = {isa = PBXBuildFile; fileRef = 3B32D1712429EFCE005D0258 /* 1.JPG */; };
/* End PBXBuildFile section */

/* Begin PBXFileReference section */
		2762B7637883BC5037CD524F /* Pods_DrawDemo.framework */ = {isa = PBXFileReference; explicitFileType = wrapper.framework; includeInIndex = 0; path = Pods_DrawDemo.framework; sourceTree = BUILT_PRODUCTS_DIR; };
		37F56C710FC47ACF709FBCF2 /* Pods-DrawDemo.release.xcconfig */ = {isa = PBXFileReference; includeInIndex = 1; lastKnownFileType = text.xcconfig; name = "Pods-DrawDemo.release.xcconfig"; path = "Target Support Files/Pods-DrawDemo/Pods-DrawDemo.release.xcconfig"; sourceTree = "<group>"; };
		3B32D1462429A134005D0258 /* DrawDemo.app */ = {isa = PBXFileReference; explicitFileType = wrapper.application; includeInIndex = 0; path = DrawDemo.app; sourceTree = BUILT_PRODUCTS_DIR; };
		3B32D1492429A134005D0258 /* AppDelegate.h */ = {isa = PBXFileReference; lastKnownFileType = sourcecode.c.h; path = AppDelegate.h; sourceTree = "<group>"; };
		3B32D14A2429A134005D0258 /* AppDelegate.m */ = {isa = PBXFileReference; lastKnownFileType = sourcecode.c.objc; path = AppDelegate.m; sourceTree = "<group>"; };
		3B32D14C2429A134005D0258 /* SceneDelegate.h */ = {isa = PBXFileReference; lastKnownFileType = sourcecode.c.h; path = SceneDelegate.h; sourceTree = "<group>"; };
		3B32D14D2429A134005D0258 /* SceneDelegate.m */ = {isa = PBXFileReference; lastKnownFileType = sourcecode.c.objc; path = SceneDelegate.m; sourceTree = "<group>"; };
		3B32D14F2429A134005D0258 /* ViewController.h */ = {isa = PBXFileReference; lastKnownFileType = sourcecode.c.h; path = ViewController.h; sourceTree = "<group>"; };
		3B32D1502429A134005D0258 /* ViewController.m */ = {isa = PBXFileReference; lastKnownFileType = sourcecode.c.objc; path = ViewController.m; sourceTree = "<group>"; };
		3B32D1532429A134005D0258 /* Base */ = {isa = PBXFileReference; lastKnownFileType = file.storyboard; name = Base; path = Base.lproj/Main.storyboard; sourceTree = "<group>"; };
		3B32D1552429A138005D0258 /* Assets.xcassets */ = {isa = PBXFileReference; lastKnownFileType = folder.assetcatalog; path = Assets.xcassets; sourceTree = "<group>"; };
		3B32D1582429A138005D0258 /* Base */ = {isa = PBXFileReference; lastKnownFileType = file.storyboard; name = Base; path = Base.lproj/LaunchScreen.storyboard; sourceTree = "<group>"; };
		3B32D15A2429A138005D0258 /* Info.plist */ = {isa = PBXFileReference; lastKnownFileType = text.plist.xml; path = Info.plist; sourceTree = "<group>"; };
		3B32D15B2429A138005D0258 /* main.m */ = {isa = PBXFileReference; lastKnownFileType = sourcecode.c.objc; path = main.m; sourceTree = "<group>"; };
		3B32D1712429EFCE005D0258 /* 1.JPG */ = {isa = PBXFileReference; lastKnownFileType = image.jpeg; path = 1.JPG; sourceTree = "<group>"; };
		AAD45A71F7C9B278D462712B /* Pods-DrawDemo.debug.xcconfig */ = {isa = PBXFileReference; includeInIndex = 1; lastKnownFileType = text.xcconfig; name = "Pods-DrawDemo.debug.xcconfig"; path = "Target Support Files/Pods-DrawDemo/Pods-DrawDemo.debug.xcconfig"; sourceTree = "<group>"; };
/* End PBXFileReference section */

/* Begin PBXFrameworksBuildPhase section */
		3B32D1432429A134005D0258 /* Frameworks */ = {
			isa = PBXFrameworksBuildPhase;
			buildActionMask = 2147483647;
			files = (
				039EA737371D9B9AB7D7E35C /* Pods_DrawDemo.framework in Frameworks */,
			);
			runOnlyForDeploymentPostprocessing = 0;
		};
/* End PBXFrameworksBuildPhase section */

/* Begin PBXGroup section */
		3B32D13D2429A134005D0258 = {
			isa = PBXGroup;
			children = (
				3B32D1482429A134005D0258 /* DrawDemo */,
				3B32D1472429A134005D0258 /* Products */,
				938A3879A0F5FE1A0F94DD34 /* Pods */,
				E5C0B1042F7D2228A3F4B678 /* Frameworks */,
			);
			sourceTree = "<group>";
		};
		3B32D1472429A134005D0258 /* Products */ = {
			isa = PBXGroup;
			children = (
				3B32D1462429A134005D0258 /* DrawDemo.app */,
			);
			name = Products;
			sourceTree = "<group>";
		};
		3B32D1482429A134005D0258 /* DrawDemo */ = {
			isa = PBXGroup;
			children = (
				3B32D1712429EFCE005D0258 /* 1.JPG */,
				3B32D1492429A134005D0258 /* AppDelegate.h */,
				3B32D14A2429A134005D0258 /* AppDelegate.m */,
				3B32D14C2429A134005D0258 /* SceneDelegate.h */,
				3B32D14D2429A134005D0258 /* SceneDelegate.m */,
				3B32D14F2429A134005D0258 /* ViewController.h */,
				3B32D1502429A134005D0258 /* ViewController.m */,
				3B32D1522429A134005D0258 /* Main.storyboard */,
				3B32D1552429A138005D0258 /* Assets.xcassets */,
				3B32D1572429A138005D0258 /* LaunchScreen.storyboard */,
				3B32D15A2429A138005D0258 /* Info.plist */,
				3B32D15B2429A138005D0258 /* main.m */,
			);
			path = DrawDemo;
			sourceTree = "<group>";
		};
		938A3879A0F5FE1A0F94DD34 /* Pods */ = {
			isa = PBXGroup;
			children = (
				AAD45A71F7C9B278D462712B /* Pods-DrawDemo.debug.xcconfig */,
				37F56C710FC47ACF709FBCF2 /* Pods-DrawDemo.release.xcconfig */,
			);
			path = Pods;
			sourceTree = "<group>";
		};
		E5C0B1042F7D2228A3F4B678 /* Frameworks */ = {
			isa = PBXGroup;
			children = (
				2762B7637883BC5037CD524F /* Pods_DrawDemo.framework */,
			);
			name = Frameworks;
			sourceTree = "<group>";
		};
/* End PBXGroup section */

/* Begin PBXNativeTarget section */
		3B32D1452429A134005D0258 /* DrawDemo */ = {
			isa = PBXNativeTarget;
			buildConfigurationList = 3B32D15F2429A138005D0258 /* Build configuration list for PBXNativeTarget "DrawDemo" */;
			buildPhases = (
				EEA3CE6A0C9D3E91197EF6B3 /* [CP] Check Pods Manifest.lock */,
				3B32D1422429A134005D0258 /* Sources */,
				3B32D1432429A134005D0258 /* Frameworks */,
				3B32D1442429A134005D0258 /* Resources */,
				81224D6FE52ADC7052F3D760 /* [CP] Embed Pods Frameworks */,
			);
			buildRules = (
			);
			dependencies = (
			);
			name = DrawDemo;
			productName = DrawDemo;
			productReference = 3B32D1462429A134005D0258 /* DrawDemo.app */;
			productType = "com.apple.product-type.application";
		};
/* End PBXNativeTarget section */

/* Begin PBXProject section */
		3B32D13E2429A134005D0258 /* Project object */ = {
			isa = PBXProject;
			attributes = {
				LastUpgradeCheck = 1130;
				ORGANIZATIONNAME = lfsampleprojects;
				TargetAttributes = {
					3B32D1452429A134005D0258 = {
						CreatedOnToolsVersion = 11.3.1;
					};
				};
			};
			buildConfigurationList = 3B32D1412429A134005D0258 /* Build configuration list for PBXProject "DrawDemo" */;
			compatibilityVersion = "Xcode 9.3";
			developmentRegion = en;
			hasScannedForEncodings = 0;
			knownRegions = (
				en,
				Base,
			);
			mainGroup = 3B32D13D2429A134005D0258;
			productRefGroup = 3B32D1472429A134005D0258 /* Products */;
			projectDirPath = "";
			projectRoot = "";
			targets = (
				3B32D1452429A134005D0258 /* DrawDemo */,
			);
		};
/* End PBXProject section */

/* Begin PBXResourcesBuildPhase section */
		3B32D1442429A134005D0258 /* Resources */ = {
			isa = PBXResourcesBuildPhase;
			buildActionMask = 2147483647;
			files = (
				3B32D1592429A138005D0258 /* LaunchScreen.storyboard in Resources */,
				3B32D1722429EFCE005D0258 /* 1.JPG in Resources */,
				3B32D1562429A138005D0258 /* Assets.xcassets in Resources */,
				3B32D1542429A134005D0258 /* Main.storyboard in Resources */,
			);
			runOnlyForDeploymentPostprocessing = 0;
		};
/* End PBXResourcesBuildPhase section */

/* Begin PBXShellScriptBuildPhase section */
		81224D6FE52ADC7052F3D760 /* [CP] Embed Pods Frameworks */ = {
			isa = PBXShellScriptBuildPhase;
			buildActionMask = 2147483647;
			files = (
			);
			inputFileListPaths = (
				"${PODS_ROOT}/Target Support Files/Pods-DrawDemo/Pods-DrawDemo-frameworks-${CONFIGURATION}-input-files.xcfilelist",
			);
			inputPaths = (
			);
			name = "[CP] Embed Pods Frameworks";
			outputFileListPaths = (
				"${PODS_ROOT}/Target Support Files/Pods-DrawDemo/Pods-DrawDemo-frameworks-${CONFIGURATION}-output-files.xcfilelist",
			);
			outputPaths = (
			);
			runOnlyForDeploymentPostprocessing = 0;
			shellPath = /bin/sh;
			shellScript = "\"${PODS_ROOT}/Target Support Files/Pods-DrawDemo/Pods-DrawDemo-frameworks.sh\"\n";
			showEnvVarsInLog = 0;
		};
		EEA3CE6A0C9D3E91197EF6B3 /* [CP] Check Pods Manifest.lock */ = {
			isa = PBXShellScriptBuildPhase;
			buildActionMask = 2147483647;
			files = (
			);
			inputFileListPaths = (
			);
			inputPaths = (
				"${PODS_PODFILE_DIR_PATH}/Podfile.lock",
				"${PODS_ROOT}/Manifest.lock",
			);
			name = "[CP] Check Pods Manifest.lock";
			outputFileListPaths = (
			);
			outputPaths = (
				"$(DERIVED_FILE_DIR)/Pods-DrawDemo-checkManifestLockResult.txt",
			);
			runOnlyForDeploymentPostprocessing = 0;
			shellPath = /bin/sh;
			shellScript = "diff \"${PODS_PODFILE_DIR_PATH}/Podfile.lock\" \"${PODS_ROOT}/Manifest.lock\" > /dev/null\nif [ $? != 0 ] ; then\n    # print error to STDERR\n    echo \"error: The sandbox is not in sync with the Podfile.lock. Run 'pod install' or update your CocoaPods installation.\" >&2\n    exit 1\nfi\n# This output is used by Xcode 'outputs' to avoid re-running this script phase.\necho \"SUCCESS\" > \"${SCRIPT_OUTPUT_FILE_0}\"\n";
			showEnvVarsInLog = 0;
		};
/* End PBXShellScriptBuildPhase section */

/* Begin PBXSourcesBuildPhase section */
		3B32D1422429A134005D0258 /* Sources */ = {
			isa = PBXSourcesBuildPhase;
			buildActionMask = 2147483647;
			files = (
				3B32D1512429A134005D0258 /* ViewController.m in Sources */,
				3B32D14B2429A134005D0258 /* AppDelegate.m in Sources */,
				3B32D15C2429A138005D0258 /* main.m in Sources */,
				3B32D14E2429A134005D0258 /* SceneDelegate.m in Sources */,
			);
			runOnlyForDeploymentPostprocessing = 0;
		};
/* End PBXSourcesBuildPhase section */

/* Begin PBXVariantGroup section */
		3B32D1522429A134005D0258 /* Main.storyboard */ = {
			isa = PBXVariantGroup;
			children = (
				3B32D1532429A134005D0258 /* Base */,
			);
			name = Main.storyboard;
			sourceTree = "<group>";
		};
		3B32D1572429A138005D0258 /* LaunchScreen.storyboard */ = {
			isa = PBXVariantGroup;
			children = (
				3B32D1582429A138005D0258 /* Base */,
			);
			name = LaunchScreen.storyboard;
			sourceTree = "<group>";
		};
/* End PBXVariantGroup section */

/* Begin XCBuildConfiguration section */
		3B32D15D2429A138005D0258 /* Debug */ = {
			isa = XCBuildConfiguration;
			buildSettings = {
				ALWAYS_SEARCH_USER_PATHS = NO;
				CLANG_ANALYZER_NONNULL = YES;
				CLANG_ANALYZER_NUMBER_OBJECT_CONVERSION = YES_AGGRESSIVE;
				CLANG_CXX_LANGUAGE_STANDARD = "gnu++14";
				CLANG_CXX_LIBRARY = "libc++";
				CLANG_ENABLE_MODULES = YES;
				CLANG_ENABLE_OBJC_ARC = YES;
				CLANG_ENABLE_OBJC_WEAK = YES;
				CLANG_WARN_BLOCK_CAPTURE_AUTORELEASING = YES;
				CLANG_WARN_BOOL_CONVERSION = YES;
				CLANG_WARN_COMMA = YES;
				CLANG_WARN_CONSTANT_CONVERSION = YES;
				CLANG_WARN_DEPRECATED_OBJC_IMPLEMENTATIONS = YES;
				CLANG_WARN_DIRECT_OBJC_ISA_USAGE = YES_ERROR;
				CLANG_WARN_DOCUMENTATION_COMMENTS = YES;
				CLANG_WARN_EMPTY_BODY = YES;
				CLANG_WARN_ENUM_CONVERSION = YES;
				CLANG_WARN_INFINITE_RECURSION = YES;
				CLANG_WARN_INT_CONVERSION = YES;
				CLANG_WARN_NON_LITERAL_NULL_CONVERSION = YES;
				CLANG_WARN_OBJC_IMPLICIT_RETAIN_SELF = YES;
				CLANG_WARN_OBJC_LITERAL_CONVERSION = YES;
				CLANG_WARN_OBJC_ROOT_CLASS = YES_ERROR;
				CLANG_WARN_RANGE_LOOP_ANALYSIS = YES;
				CLANG_WARN_STRICT_PROTOTYPES = YES;
				CLANG_WARN_SUSPICIOUS_MOVE = YES;
				CLANG_WARN_UNGUARDED_AVAILABILITY = YES_AGGRESSIVE;
				CLANG_WARN_UNREACHABLE_CODE = YES;
				CLANG_WARN__DUPLICATE_METHOD_MATCH = YES;
				COPY_PHASE_STRIP = NO;
				DEBUG_INFORMATION_FORMAT = dwarf;
				ENABLE_STRICT_OBJC_MSGSEND = YES;
				ENABLE_TESTABILITY = YES;
				GCC_C_LANGUAGE_STANDARD = gnu11;
				GCC_DYNAMIC_NO_PIC = NO;
				GCC_NO_COMMON_BLOCKS = YES;
				GCC_OPTIMIZATION_LEVEL = 0;
				GCC_PREPROCESSOR_DEFINITIONS = (
					"DEBUG=1",
					"$(inherited)",
				);
				GCC_WARN_64_TO_32_BIT_CONVERSION = YES;
				GCC_WARN_ABOUT_RETURN_TYPE = YES_ERROR;
				GCC_WARN_UNDECLARED_SELECTOR = YES;
				GCC_WARN_UNINITIALIZED_AUTOS = YES_AGGRESSIVE;
				GCC_WARN_UNUSED_FUNCTION = YES;
				GCC_WARN_UNUSED_VARIABLE = YES;
				IPHONEOS_DEPLOYMENT_TARGET = 13.2;
				MTL_ENABLE_DEBUG_INFO = INCLUDE_SOURCE;
				MTL_FAST_MATH = YES;
				ONLY_ACTIVE_ARCH = YES;
				SDKROOT = iphoneos;
			};
			name = Debug;
		};
		3B32D15E2429A138005D0258 /* Release */ = {
			isa = XCBuildConfiguration;
			buildSettings = {
				ALWAYS_SEARCH_USER_PATHS = NO;
				CLANG_ANALYZER_NONNULL = YES;
				CLANG_ANALYZER_NUMBER_OBJECT_CONVERSION = YES_AGGRESSIVE;
				CLANG_CXX_LANGUAGE_STANDARD = "gnu++14";
				CLANG_CXX_LIBRARY = "libc++";
				CLANG_ENABLE_MODULES = YES;
				CLANG_ENABLE_OBJC_ARC = YES;
				CLANG_ENABLE_OBJC_WEAK = YES;
				CLANG_WARN_BLOCK_CAPTURE_AUTORELEASING = YES;
				CLANG_WARN_BOOL_CONVERSION = YES;
				CLANG_WARN_COMMA = YES;
				CLANG_WARN_CONSTANT_CONVERSION = YES;
				CLANG_WARN_DEPRECATED_OBJC_IMPLEMENTATIONS = YES;
				CLANG_WARN_DIRECT_OBJC_ISA_USAGE = YES_ERROR;
				CLANG_WARN_DOCUMENTATION_COMMENTS = YES;
				CLANG_WARN_EMPTY_BODY = YES;
				CLANG_WARN_ENUM_CONVERSION = YES;
				CLANG_WARN_INFINITE_RECURSION = YES;
				CLANG_WARN_INT_CONVERSION = YES;
				CLANG_WARN_NON_LITERAL_NULL_CONVERSION = YES;
				CLANG_WARN_OBJC_IMPLICIT_RETAIN_SELF = YES;
				CLANG_WARN_OBJC_LITERAL_CONVERSION = YES;
				CLANG_WARN_OBJC_ROOT_CLASS = YES_ERROR;
				CLANG_WARN_RANGE_LOOP_ANALYSIS = YES;
				CLANG_WARN_STRICT_PROTOTYPES = YES;
				CLANG_WARN_SUSPICIOUS_MOVE = YES;
				CLANG_WARN_UNGUARDED_AVAILABILITY = YES_AGGRESSIVE;
				CLANG_WARN_UNREACHABLE_CODE = YES;
				CLANG_WARN__DUPLICATE_METHOD_MATCH = YES;
				COPY_PHASE_STRIP = NO;
				DEBUG_INFORMATION_FORMAT = "dwarf-with-dsym";
				ENABLE_NS_ASSERTIONS = NO;
				ENABLE_STRICT_OBJC_MSGSEND = YES;
				GCC_C_LANGUAGE_STANDARD = gnu11;
				GCC_NO_COMMON_BLOCKS = YES;
				GCC_WARN_64_TO_32_BIT_CONVERSION = YES;
				GCC_WARN_ABOUT_RETURN_TYPE = YES_ERROR;
				GCC_WARN_UNDECLARED_SELECTOR = YES;
				GCC_WARN_UNINITIALIZED_AUTOS = YES_AGGRESSIVE;
				GCC_WARN_UNUSED_FUNCTION = YES;
				GCC_WARN_UNUSED_VARIABLE = YES;
				IPHONEOS_DEPLOYMENT_TARGET = 13.2;
				MTL_ENABLE_DEBUG_INFO = NO;
				MTL_FAST_MATH = YES;
				SDKROOT = iphoneos;
				VALIDATE_PRODUCT = YES;
			};
			name = Release;
		};
		3B32D1602429A138005D0258 /* Debug */ = {
			isa = XCBuildConfiguration;
			baseConfigurationReference = AAD45A71F7C9B278D462712B /* Pods-DrawDemo.debug.xcconfig */;
			buildSettings = {
				ASSETCATALOG_COMPILER_APPICON_NAME = AppIcon;
				CODE_SIGN_STYLE = Automatic;
				DEVELOPMENT_TEAM = 98QYHH6CFG;
				ENABLE_BITCODE = NO;
				INFOPLIST_FILE = DrawDemo/Info.plist;
				IPHONEOS_DEPLOYMENT_TARGET = 15.0;
				LD_RUNPATH_SEARCH_PATHS = (
					"$(inherited)",
					"@executable_path/Frameworks",
				);
				PRODUCT_BUNDLE_IDENTIFIER = com.lfsampleprojects.DrawDemo;
				PRODUCT_NAME = "$(TARGET_NAME)";
				TARGETED_DEVICE_FAMILY = "1,2";
			};
			name = Debug;
		};
		3B32D1612429A138005D0258 /* Release */ = {
			isa = XCBuildConfiguration;
			baseConfigurationReference = 37F56C710FC47ACF709FBCF2 /* Pods-DrawDemo.release.xcconfig */;
			buildSettings = {
				ASSETCATALOG_COMPILER_APPICON_NAME = AppIcon;
				CODE_SIGN_STYLE = Automatic;
				DEVELOPMENT_TEAM = 98QYHH6CFG;
				ENABLE_BITCODE = NO;
				INFOPLIST_FILE = DrawDemo/Info.plist;
				IPHONEOS_DEPLOYMENT_TARGET = 15.0;
				LD_RUNPATH_SEARCH_PATHS = (
					"$(inherited)",
					"@executable_path/Frameworks",
				);
				PRODUCT_BUNDLE_IDENTIFIER = com.lfsampleprojects.DrawDemo;
				PRODUCT_NAME = "$(TARGET_NAME)";
				TARGETED_DEVICE_FAMILY = "1,2";
			};
			name = Release;
		};
/* End XCBuildConfiguration section */

/* Begin XCConfigurationList section */
		3B32D1412429A134005D0258 /* Build configuration list for PBXProject "DrawDemo" */ = {
			isa = XCConfigurationList;
			buildConfigurations = (
				3B32D15D2429A138005D0258 /* Debug */,
				3B32D15E2429A138005D0258 /* Release */,
			);
			defaultConfigurationIsVisible = 0;
			defaultConfigurationName = Release;
		};
		3B32D15F2429A138005D0258 /* Build configuration list for PBXNativeTarget "DrawDemo" */ = {
			isa = XCConfigurationList;
			buildConfigurations = (
				3B32D1602429A138005D0258 /* Debug */,
				3B32D1612429A138005D0258 /* Release */,
			);
			defaultConfigurationIsVisible = 0;
			defaultConfigurationName = Release;
		};
/* End XCConfigurationList section */
	};
	rootObject = 3B32D13E2429A134005D0258 /* Project object */;
}
